
Microsoft Visual Studio Solution File, Format Version 12.00
# Visual Studio Version 17
VisualStudioVersion = 17.12.35707.178 d17.12
MinimumVisualStudioVersion = 10.0.40219.1
Project("{FAE04EC0-301F-11D3-BF4B-00C04F79EFBC}") = "ExpendedoraBase-G2-2025-II", "ExpendedoraBase-G2-2025-II.csproj", "{12770B4A-84A0-4158-8893-E54C6093B4F7}"
EndProject
Global
	GlobalSection(SolutionConfigurationPlatforms) = preSolution
		Debug|Any CPU = Debug|Any CPU
		Release|Any CPU = Release|Any CPU
	EndGlobalSection
	GlobalSection(ProjectConfigurationPlatforms) = postSolution
		{12770B4A-84A0-4158-8893-E54C6093B4F7}.Debug|Any CPU.ActiveCfg = Debug|Any CPU
		{12770B4A-84A0-4158-8893-E54C6093B4F7}.Debug|Any CPU.Build.0 = Debug|Any CPU
		{12770B4A-84A0-4158-8893-E54C6093B4F7}.Release|Any CPU.ActiveCfg = Release|Any CPU
		{12770B4A-84A0-4158-8893-E54C6093B4F7}.Release|Any CPU.Build.0 = Release|Any CPU
	EndGlobalSection
	GlobalSection(SolutionProperties) = preSolution
		HideSolutionNode = FALSE
	EndGlobalSection
EndGlobal
